// !$*UTF8*$!
{
	archiveVersion = 1;
	classes = {
	};
	objectVersion = 48;
	objects = {

/* Begin PBXBuildFile section */
		1B4E1B51205332F30051CFE8 /* URLRequestExtension.swift in Sources */ = {isa = PBXBuildFile; fileRef = 1B4E1B50205332F30051CFE8 /* URLRequestExtension.swift */; };
		1B644E172050ED9F00CA9264 /* AppDelegate.swift in Sources */ = {isa = PBXBuildFile; fileRef = 1B644E162050ED9F00CA9264 /* AppDelegate.swift */; };
		1B644E1C2050ED9F00CA9264 /* Main.storyboard in Resources */ = {isa = PBXBuildFile; fileRef = 1B644E1A2050ED9F00CA9264 /* Main.storyboard */; };
		1B644E1E2050ED9F00CA9264 /* Assets.xcassets in Resources */ = {isa = PBXBuildFile; fileRef = 1B644E1D2050ED9F00CA9264 /* Assets.xcassets */; };
		1B644E212050ED9F00CA9264 /* LaunchScreen.storyboard in Resources */ = {isa = PBXBuildFile; fileRef = 1B644E1F2050ED9F00CA9264 /* LaunchScreen.storyboard */; };
		1B644E2C2050ED9F00CA9264 /* CoursePlannerUITests.swift in Sources */ = {isa = PBXBuildFile; fileRef = 1B644E2B2050ED9F00CA9264 /* CoursePlannerUITests.swift */; };
		1B644E372050EDAD00CA9264 /* RestAPI.swift in Sources */ = {isa = PBXBuildFile; fileRef = 1B644E362050EDAD00CA9264 /* RestAPI.swift */; };
		1B644E392051AD2100CA9264 /* DictionaryExtension.swift in Sources */ = {isa = PBXBuildFile; fileRef = 1B644E382051AD2100CA9264 /* DictionaryExtension.swift */; };
		1B6A1975205C3C6C000AD3D5 /* APIError.swift in Sources */ = {isa = PBXBuildFile; fileRef = 1B6A1974205C3C6C000AD3D5 /* APIError.swift */; };
		1B76605A2059AC69000929D5 /* LoginVC.swift in Sources */ = {isa = PBXBuildFile; fileRef = 1B7660592059AC69000929D5 /* LoginVC.swift */; };
		1B76605C2059AF99000929D5 /* HomeVC.swift in Sources */ = {isa = PBXBuildFile; fileRef = 1B76605B2059AF99000929D5 /* HomeVC.swift */; };
		1B76605E2059B089000929D5 /* RegisterVC.swift in Sources */ = {isa = PBXBuildFile; fileRef = 1B76605D2059B089000929D5 /* RegisterVC.swift */; };
		1BB2021C205A198A00A96619 /* Animation.swift in Sources */ = {isa = PBXBuildFile; fileRef = 1BB2021B205A198A00A96619 /* Animation.swift */; };
		1BB93B42205C4BB40042B021 /* UIVIewControllerExtension.swift in Sources */ = {isa = PBXBuildFile; fileRef = 1BB93B41205C4BB40042B021 /* UIVIewControllerExtension.swift */; };
		1BB93B46205D8DF20042B021 /* InteractiveTransitioner.swift in Sources */ = {isa = PBXBuildFile; fileRef = 1BB93B45205D8DF20042B021 /* InteractiveTransitioner.swift */; };
		1BDEED532059F220001FE6FB /* FadingAnimation.swift in Sources */ = {isa = PBXBuildFile; fileRef = 1BDEED522059F220001FE6FB /* FadingAnimation.swift */; };
		1BDEED552059F36B001FE6FB /* NavigationController.swift in Sources */ = {isa = PBXBuildFile; fileRef = 1BDEED542059F36B001FE6FB /* NavigationController.swift */; };
/* End PBXBuildFile section */

/* Begin PBXContainerItemProxy section */
		1B644E282050ED9F00CA9264 /* PBXContainerItemProxy */ = {
			isa = PBXContainerItemProxy;
			containerPortal = 1B644E0B2050ED9F00CA9264 /* Project object */;
			proxyType = 1;
			remoteGlobalIDString = 1B644E122050ED9F00CA9264;
			remoteInfo = CoursePlanner;
		};
/* End PBXContainerItemProxy section */

/* Begin PBXFileReference section */
		1B4E1B50205332F30051CFE8 /* URLRequestExtension.swift */ = {isa = PBXFileReference; lastKnownFileType = sourcecode.swift; path = URLRequestExtension.swift; sourceTree = "<group>"; };
		1B644E132050ED9F00CA9264 /* CoursePlanner.app */ = {isa = PBXFileReference; explicitFileType = wrapper.application; includeInIndex = 0; path = CoursePlanner.app; sourceTree = BUILT_PRODUCTS_DIR; };
		1B644E162050ED9F00CA9264 /* AppDelegate.swift */ = {isa = PBXFileReference; lastKnownFileType = sourcecode.swift; path = AppDelegate.swift; sourceTree = "<group>"; };
		1B644E1B2050ED9F00CA9264 /* Base */ = {isa = PBXFileReference; lastKnownFileType = file.storyboard; name = Base; path = Base.lproj/Main.storyboard; sourceTree = "<group>"; };
		1B644E1D2050ED9F00CA9264 /* Assets.xcassets */ = {isa = PBXFileReference; lastKnownFileType = folder.assetcatalog; path = Assets.xcassets; sourceTree = "<group>"; };
		1B644E202050ED9F00CA9264 /* Base */ = {isa = PBXFileReference; lastKnownFileType = file.storyboard; name = Base; path = Base.lproj/LaunchScreen.storyboard; sourceTree = "<group>"; };
		1B644E222050ED9F00CA9264 /* Info.plist */ = {isa = PBXFileReference; lastKnownFileType = text.plist.xml; path = Info.plist; sourceTree = "<group>"; };
		1B644E272050ED9F00CA9264 /* CoursePlannerUITests.xctest */ = {isa = PBXFileReference; explicitFileType = wrapper.cfbundle; includeInIndex = 0; path = CoursePlannerUITests.xctest; sourceTree = BUILT_PRODUCTS_DIR; };
		1B644E2B2050ED9F00CA9264 /* CoursePlannerUITests.swift */ = {isa = PBXFileReference; lastKnownFileType = sourcecode.swift; path = CoursePlannerUITests.swift; sourceTree = "<group>"; };
		1B644E2D2050ED9F00CA9264 /* Info.plist */ = {isa = PBXFileReference; lastKnownFileType = text.plist.xml; path = Info.plist; sourceTree = "<group>"; };
		1B644E362050EDAD00CA9264 /* RestAPI.swift */ = {isa = PBXFileReference; lastKnownFileType = sourcecode.swift; path = RestAPI.swift; sourceTree = "<group>"; };
		1B644E382051AD2100CA9264 /* DictionaryExtension.swift */ = {isa = PBXFileReference; lastKnownFileType = sourcecode.swift; path = DictionaryExtension.swift; sourceTree = "<group>"; };
		1B6A1974205C3C6C000AD3D5 /* APIError.swift */ = {isa = PBXFileReference; lastKnownFileType = sourcecode.swift; path = APIError.swift; sourceTree = "<group>"; };
		1B7660592059AC69000929D5 /* LoginVC.swift */ = {isa = PBXFileReference; lastKnownFileType = sourcecode.swift; path = LoginVC.swift; sourceTree = "<group>"; };
		1B76605B2059AF99000929D5 /* HomeVC.swift */ = {isa = PBXFileReference; lastKnownFileType = sourcecode.swift; path = HomeVC.swift; sourceTree = "<group>"; };
		1B76605D2059B089000929D5 /* RegisterVC.swift */ = {isa = PBXFileReference; lastKnownFileType = sourcecode.swift; path = RegisterVC.swift; sourceTree = "<group>"; };
		1BB2021B205A198A00A96619 /* Animation.swift */ = {isa = PBXFileReference; lastKnownFileType = sourcecode.swift; name = Animation.swift; path = CoursePlanner/Navigation/Animation.swift; sourceTree = SOURCE_ROOT; };
		1BB93B41205C4BB40042B021 /* UIVIewControllerExtension.swift */ = {isa = PBXFileReference; lastKnownFileType = sourcecode.swift; path = UIVIewControllerExtension.swift; sourceTree = "<group>"; };
		1BB93B45205D8DF20042B021 /* InteractiveTransitioner.swift */ = {isa = PBXFileReference; lastKnownFileType = sourcecode.swift; path = InteractiveTransitioner.swift; sourceTree = "<group>"; };
		1BDEED522059F220001FE6FB /* FadingAnimation.swift */ = {isa = PBXFileReference; lastKnownFileType = sourcecode.swift; path = FadingAnimation.swift; sourceTree = "<group>"; };
		1BDEED542059F36B001FE6FB /* NavigationController.swift */ = {isa = PBXFileReference; lastKnownFileType = sourcecode.swift; path = NavigationController.swift; sourceTree = "<group>"; };
/* End PBXFileReference section */

/* Begin PBXFrameworksBuildPhase section */
		1B644E102050ED9F00CA9264 /* Frameworks */ = {
			isa = PBXFrameworksBuildPhase;
			buildActionMask = 2147483647;
			files = (
			);
			runOnlyForDeploymentPostprocessing = 0;
		};
		1B644E242050ED9F00CA9264 /* Frameworks */ = {
			isa = PBXFrameworksBuildPhase;
			buildActionMask = 2147483647;
			files = (
			);
			runOnlyForDeploymentPostprocessing = 0;
		};
/* End PBXFrameworksBuildPhase section */

/* Begin PBXGroup section */
		1B644E0A2050ED9F00CA9264 = {
			isa = PBXGroup;
			children = (
				1B644E152050ED9F00CA9264 /* CoursePlanner */,
				1B644E2A2050ED9F00CA9264 /* CoursePlannerUITests */,
				1B644E142050ED9F00CA9264 /* Products */,
			);
			sourceTree = "<group>";
		};
		1B644E142050ED9F00CA9264 /* Products */ = {
			isa = PBXGroup;
			children = (
				1B644E132050ED9F00CA9264 /* CoursePlanner.app */,
				1B644E272050ED9F00CA9264 /* CoursePlannerUITests.xctest */,
			);
			name = Products;
			sourceTree = "<group>";
		};
		1B644E152050ED9F00CA9264 /* CoursePlanner */ = {
			isa = PBXGroup;
			children = (
				1B644E162050ED9F00CA9264 /* AppDelegate.swift */,
				1B644E1A2050ED9F00CA9264 /* Main.storyboard */,
				1B7660592059AC69000929D5 /* LoginVC.swift */,
				1B76605D2059B089000929D5 /* RegisterVC.swift */,
				1B76605B2059AF99000929D5 /* HomeVC.swift */,
				1B644E362050EDAD00CA9264 /* RestAPI.swift */,
				1BB2021A205A14C600A96619 /* Navigation */,
				1BAB20A620586B5400C0D079 /* Supporting Files */,
				1B644E222050ED9F00CA9264 /* Info.plist */,
			);
			path = CoursePlanner;
			sourceTree = "<group>";
		};
		1B644E2A2050ED9F00CA9264 /* CoursePlannerUITests */ = {
			isa = PBXGroup;
			children = (
				1B644E2B2050ED9F00CA9264 /* CoursePlannerUITests.swift */,
				1B644E2D2050ED9F00CA9264 /* Info.plist */,
			);
			path = CoursePlannerUITests;
			sourceTree = "<group>";
		};
		1BAB20A620586B5400C0D079 /* Supporting Files */ = {
			isa = PBXGroup;
			children = (
				1B6A1974205C3C6C000AD3D5 /* APIError.swift */,
				1B4E1B50205332F30051CFE8 /* URLRequestExtension.swift */,
				1BB93B41205C4BB40042B021 /* UIVIewControllerExtension.swift */,
				1B644E382051AD2100CA9264 /* DictionaryExtension.swift */,
				1B644E1D2050ED9F00CA9264 /* Assets.xcassets */,
				1B644E1F2050ED9F00CA9264 /* LaunchScreen.storyboard */,
			);
			path = "Supporting Files";
			sourceTree = "<group>";
		};
		1BB2021A205A14C600A96619 /* Navigation */ = {
			isa = PBXGroup;
			children = (
				1BB2021B205A198A00A96619 /* Animation.swift */,
				1BDEED522059F220001FE6FB /* FadingAnimation.swift */,
				1BDEED542059F36B001FE6FB /* NavigationController.swift */,
				1BB93B45205D8DF20042B021 /* InteractiveTransitioner.swift */,
			);
			path = Navigation;
			sourceTree = "<group>";
		};
/* End PBXGroup section */

/* Begin PBXNativeTarget section */
		1B644E122050ED9F00CA9264 /* CoursePlanner */ = {
			isa = PBXNativeTarget;
			buildConfigurationList = 1B644E302050ED9F00CA9264 /* Build configuration list for PBXNativeTarget "CoursePlanner" */;
			buildPhases = (
				1B644E0F2050ED9F00CA9264 /* Sources */,
				1B644E102050ED9F00CA9264 /* Frameworks */,
				1B644E112050ED9F00CA9264 /* Resources */,
			);
			buildRules = (
			);
			dependencies = (
			);
			name = CoursePlanner;
			productName = CoursePlanner;
			productReference = 1B644E132050ED9F00CA9264 /* CoursePlanner.app */;
			productType = "com.apple.product-type.application";
		};
		1B644E262050ED9F00CA9264 /* CoursePlannerUITests */ = {
			isa = PBXNativeTarget;
			buildConfigurationList = 1B644E332050ED9F00CA9264 /* Build configuration list for PBXNativeTarget "CoursePlannerUITests" */;
			buildPhases = (
				1B644E232050ED9F00CA9264 /* Sources */,
				1B644E242050ED9F00CA9264 /* Frameworks */,
				1B644E252050ED9F00CA9264 /* Resources */,
			);
			buildRules = (
			);
			dependencies = (
				1B644E292050ED9F00CA9264 /* PBXTargetDependency */,
			);
			name = CoursePlannerUITests;
			productName = CoursePlannerUITests;
			productReference = 1B644E272050ED9F00CA9264 /* CoursePlannerUITests.xctest */;
			productType = "com.apple.product-type.bundle.ui-testing";
		};
/* End PBXNativeTarget section */

/* Begin PBXProject section */
		1B644E0B2050ED9F00CA9264 /* Project object */ = {
			isa = PBXProject;
			attributes = {
				LastSwiftUpdateCheck = 0920;
				LastUpgradeCheck = 0920;
				ORGANIZATIONNAME = "Maxime Moison";
				TargetAttributes = {
					1B644E122050ED9F00CA9264 = {
						CreatedOnToolsVersion = 9.2;
						ProvisioningStyle = Automatic;
					};
					1B644E262050ED9F00CA9264 = {
						CreatedOnToolsVersion = 9.2;
						ProvisioningStyle = Automatic;
						TestTargetID = 1B644E122050ED9F00CA9264;
					};
				};
			};
			buildConfigurationList = 1B644E0E2050ED9F00CA9264 /* Build configuration list for PBXProject "CoursePlanner" */;
			compatibilityVersion = "Xcode 8.0";
			developmentRegion = en;
			hasScannedForEncodings = 0;
			knownRegions = (
				en,
				Base,
			);
			mainGroup = 1B644E0A2050ED9F00CA9264;
			productRefGroup = 1B644E142050ED9F00CA9264 /* Products */;
			projectDirPath = "";
			projectRoot = "";
			targets = (
				1B644E122050ED9F00CA9264 /* CoursePlanner */,
				1B644E262050ED9F00CA9264 /* CoursePlannerUITests */,
			);
		};
/* End PBXProject section */

/* Begin PBXResourcesBuildPhase section */
		1B644E112050ED9F00CA9264 /* Resources */ = {
			isa = PBXResourcesBuildPhase;
			buildActionMask = 2147483647;
			files = (
				1B644E212050ED9F00CA9264 /* LaunchScreen.storyboard in Resources */,
				1B644E1E2050ED9F00CA9264 /* Assets.xcassets in Resources */,
				1B644E1C2050ED9F00CA9264 /* Main.storyboard in Resources */,
			);
			runOnlyForDeploymentPostprocessing = 0;
		};
		1B644E252050ED9F00CA9264 /* Resources */ = {
			isa = PBXResourcesBuildPhase;
			buildActionMask = 2147483647;
			files = (
			);
			runOnlyForDeploymentPostprocessing = 0;
		};
/* End PBXResourcesBuildPhase section */

/* Begin PBXSourcesBuildPhase section */
		1B644E0F2050ED9F00CA9264 /* Sources */ = {
			isa = PBXSourcesBuildPhase;
			buildActionMask = 2147483647;
			files = (
				1B644E372050EDAD00CA9264 /* RestAPI.swift in Sources */,
				1B4E1B51205332F30051CFE8 /* URLRequestExtension.swift in Sources */,
				1BB93B46205D8DF20042B021 /* InteractiveTransitioner.swift in Sources */,
				1BDEED532059F220001FE6FB /* FadingAnimation.swift in Sources */,
				1B76605A2059AC69000929D5 /* LoginVC.swift in Sources */,
				1BB93B42205C4BB40042B021 /* UIVIewControllerExtension.swift in Sources */,
				1B76605C2059AF99000929D5 /* HomeVC.swift in Sources */,
				1B76605E2059B089000929D5 /* RegisterVC.swift in Sources */,
				1B644E172050ED9F00CA9264 /* AppDelegate.swift in Sources */,
				1BDEED552059F36B001FE6FB /* NavigationController.swift in Sources */,
				1B644E392051AD2100CA9264 /* DictionaryExtension.swift in Sources */,
				1BB2021C205A198A00A96619 /* Animation.swift in Sources */,
				1B6A1975205C3C6C000AD3D5 /* APIError.swift in Sources */,
			);
			runOnlyForDeploymentPostprocessing = 0;
		};
		1B644E232050ED9F00CA9264 /* Sources */ = {
			isa = PBXSourcesBuildPhase;
			buildActionMask = 2147483647;
			files = (
				1B644E2C2050ED9F00CA9264 /* CoursePlannerUITests.swift in Sources */,
			);
			runOnlyForDeploymentPostprocessing = 0;
		};
/* End PBXSourcesBuildPhase section */

/* Begin PBXTargetDependency section */
		1B644E292050ED9F00CA9264 /* PBXTargetDependency */ = {
			isa = PBXTargetDependency;
			target = 1B644E122050ED9F00CA9264 /* CoursePlanner */;
			targetProxy = 1B644E282050ED9F00CA9264 /* PBXContainerItemProxy */;
		};
/* End PBXTargetDependency section */

/* Begin PBXVariantGroup section */
		1B644E1A2050ED9F00CA9264 /* Main.storyboard */ = {
			isa = PBXVariantGroup;
			children = (
				1B644E1B2050ED9F00CA9264 /* Base */,
			);
			name = Main.storyboard;
			sourceTree = "<group>";
		};
		1B644E1F2050ED9F00CA9264 /* LaunchScreen.storyboard */ = {
			isa = PBXVariantGroup;
			children = (
				1B644E202050ED9F00CA9264 /* Base */,
			);
			name = LaunchScreen.storyboard;
			sourceTree = "<group>";
		};
/* End PBXVariantGroup section */

/* Begin XCBuildConfiguration section */
		1B644E2E2050ED9F00CA9264 /* Debug */ = {
			isa = XCBuildConfiguration;
			buildSettings = {
				ALWAYS_SEARCH_USER_PATHS = NO;
				CLANG_ANALYZER_NONNULL = YES;
				CLANG_ANALYZER_NUMBER_OBJECT_CONVERSION = YES_AGGRESSIVE;
				CLANG_CXX_LANGUAGE_STANDARD = "gnu++14";
				CLANG_CXX_LIBRARY = "libc++";
				CLANG_ENABLE_MODULES = YES;
				CLANG_ENABLE_OBJC_ARC = YES;
				CLANG_WARN_BLOCK_CAPTURE_AUTORELEASING = YES;
				CLANG_WARN_BOOL_CONVERSION = YES;
				CLANG_WARN_COMMA = YES;
				CLANG_WARN_CONSTANT_CONVERSION = YES;
				CLANG_WARN_DIRECT_OBJC_ISA_USAGE = YES_ERROR;
				CLANG_WARN_DOCUMENTATION_COMMENTS = YES;
				CLANG_WARN_EMPTY_BODY = YES;
				CLANG_WARN_ENUM_CONVERSION = YES;
				CLANG_WARN_INFINITE_RECURSION = YES;
				CLANG_WARN_INT_CONVERSION = YES;
				CLANG_WARN_NON_LITERAL_NULL_CONVERSION = YES;
				CLANG_WARN_OBJC_LITERAL_CONVERSION = YES;
				CLANG_WARN_OBJC_ROOT_CLASS = YES_ERROR;
				CLANG_WARN_RANGE_LOOP_ANALYSIS = YES;
				CLANG_WARN_STRICT_PROTOTYPES = YES;
				CLANG_WARN_SUSPICIOUS_MOVE = YES;
				CLANG_WARN_UNGUARDED_AVAILABILITY = YES_AGGRESSIVE;
				CLANG_WARN_UNREACHABLE_CODE = YES;
				CLANG_WARN__DUPLICATE_METHOD_MATCH = YES;
				CODE_SIGN_IDENTITY = "iPhone Developer";
				COPY_PHASE_STRIP = NO;
				DEBUG_INFORMATION_FORMAT = dwarf;
				ENABLE_STRICT_OBJC_MSGSEND = YES;
				ENABLE_TESTABILITY = YES;
				GCC_C_LANGUAGE_STANDARD = gnu11;
				GCC_DYNAMIC_NO_PIC = NO;
				GCC_NO_COMMON_BLOCKS = YES;
				GCC_OPTIMIZATION_LEVEL = 0;
				GCC_PREPROCESSOR_DEFINITIONS = (
					"DEBUG=1",
					"$(inherited)",
				);
				GCC_WARN_64_TO_32_BIT_CONVERSION = YES;
				GCC_WARN_ABOUT_RETURN_TYPE = YES_ERROR;
				GCC_WARN_UNDECLARED_SELECTOR = YES;
				GCC_WARN_UNINITIALIZED_AUTOS = YES_AGGRESSIVE;
				GCC_WARN_UNUSED_FUNCTION = YES;
				GCC_WARN_UNUSED_VARIABLE = YES;
				IPHONEOS_DEPLOYMENT_TARGET = 11.2;
				MTL_ENABLE_DEBUG_INFO = YES;
				ONLY_ACTIVE_ARCH = YES;
				SDKROOT = iphoneos;
				SWIFT_ACTIVE_COMPILATION_CONDITIONS = DEBUG;
				SWIFT_OPTIMIZATION_LEVEL = "-Onone";
			};
			name = Debug;
		};
		1B644E2F2050ED9F00CA9264 /* Release */ = {
			isa = XCBuildConfiguration;
			buildSettings = {
				ALWAYS_SEARCH_USER_PATHS = NO;
				CLANG_ANALYZER_NONNULL = YES;
				CLANG_ANALYZER_NUMBER_OBJECT_CONVERSION = YES_AGGRESSIVE;
				CLANG_CXX_LANGUAGE_STANDARD = "gnu++14";
				CLANG_CXX_LIBRARY = "libc++";
				CLANG_ENABLE_MODULES = YES;
				CLANG_ENABLE_OBJC_ARC = YES;
				CLANG_WARN_BLOCK_CAPTURE_AUTORELEASING = YES;
				CLANG_WARN_BOOL_CONVERSION = YES;
				CLANG_WARN_COMMA = YES;
				CLANG_WARN_CONSTANT_CONVERSION = YES;
				CLANG_WARN_DIRECT_OBJC_ISA_USAGE = YES_ERROR;
				CLANG_WARN_DOCUMENTATION_COMMENTS = YES;
				CLANG_WARN_EMPTY_BODY = YES;
				CLANG_WARN_ENUM_CONVERSION = YES;
				CLANG_WARN_INFINITE_RECURSION = YES;
				CLANG_WARN_INT_CONVERSION = YES;
				CLANG_WARN_NON_LITERAL_NULL_CONVERSION = YES;
				CLANG_WARN_OBJC_LITERAL_CONVERSION = YES;
				CLANG_WARN_OBJC_ROOT_CLASS = YES_ERROR;
				CLANG_WARN_RANGE_LOOP_ANALYSIS = YES;
				CLANG_WARN_STRICT_PROTOTYPES = YES;
				CLANG_WARN_SUSPICIOUS_MOVE = YES;
				CLANG_WARN_UNGUARDED_AVAILABILITY = YES_AGGRESSIVE;
				CLANG_WARN_UNREACHABLE_CODE = YES;
				CLANG_WARN__DUPLICATE_METHOD_MATCH = YES;
				CODE_SIGN_IDENTITY = "iPhone Developer";
				COPY_PHASE_STRIP = NO;
				DEBUG_INFORMATION_FORMAT = "dwarf-with-dsym";
				ENABLE_NS_ASSERTIONS = NO;
				ENABLE_STRICT_OBJC_MSGSEND = YES;
				GCC_C_LANGUAGE_STANDARD = gnu11;
				GCC_NO_COMMON_BLOCKS = YES;
				GCC_WARN_64_TO_32_BIT_CONVERSION = YES;
				GCC_WARN_ABOUT_RETURN_TYPE = YES_ERROR;
				GCC_WARN_UNDECLARED_SELECTOR = YES;
				GCC_WARN_UNINITIALIZED_AUTOS = YES_AGGRESSIVE;
				GCC_WARN_UNUSED_FUNCTION = YES;
				GCC_WARN_UNUSED_VARIABLE = YES;
				IPHONEOS_DEPLOYMENT_TARGET = 11.2;
				MTL_ENABLE_DEBUG_INFO = NO;
				SDKROOT = iphoneos;
				SWIFT_OPTIMIZATION_LEVEL = "-Owholemodule";
				VALIDATE_PRODUCT = YES;
			};
			name = Release;
		};
		1B644E312050ED9F00CA9264 /* Debug */ = {
			isa = XCBuildConfiguration;
			buildSettings = {
				ASSETCATALOG_COMPILER_APPICON_NAME = AppIcon;
				CODE_SIGN_STYLE = Automatic;
				DEVELOPMENT_TEAM = TZ3XHXCR9A;
				INFOPLIST_FILE = CoursePlanner/Info.plist;
				LD_RUNPATH_SEARCH_PATHS = "$(inherited) @executable_path/Frameworks";
				PRODUCT_BUNDLE_IDENTIFIER = maximemoison.CoursePlanner;
				PRODUCT_NAME = "$(TARGET_NAME)";
				SWIFT_VERSION = 4.0;
				TARGETED_DEVICE_FAMILY = "1,2";
			};
			name = Debug;
		};
		1B644E322050ED9F00CA9264 /* Release */ = {
			isa = XCBuildConfiguration;
			buildSettings = {
				ASSETCATALOG_COMPILER_APPICON_NAME = AppIcon;
				CODE_SIGN_STYLE = Automatic;
				DEVELOPMENT_TEAM = TZ3XHXCR9A;
				INFOPLIST_FILE = CoursePlanner/Info.plist;
				LD_RUNPATH_SEARCH_PATHS = "$(inherited) @executable_path/Frameworks";
				PRODUCT_BUNDLE_IDENTIFIER = maximemoison.CoursePlanner;
				PRODUCT_NAME = "$(TARGET_NAME)";
				SWIFT_VERSION = 4.0;
				TARGETED_DEVICE_FAMILY = "1,2";
			};
			name = Release;
		};
		1B644E342050ED9F00CA9264 /* Debug */ = {
			isa = XCBuildConfiguration;
			buildSettings = {
				ALWAYS_EMBED_SWIFT_STANDARD_LIBRARIES = YES;
				CODE_SIGN_STYLE = Automatic;
				INFOPLIST_FILE = CoursePlannerUITests/Info.plist;
				LD_RUNPATH_SEARCH_PATHS = "$(inherited) @executable_path/Frameworks @loader_path/Frameworks";
				PRODUCT_BUNDLE_IDENTIFIER = maximemoison.CoursePlannerUITests;
				PRODUCT_NAME = "$(TARGET_NAME)";
				SWIFT_VERSION = 4.0;
				TARGETED_DEVICE_FAMILY = "1,2";
				TEST_TARGET_NAME = CoursePlanner;
			};
			name = Debug;
		};
		1B644E352050ED9F00CA9264 /* Release */ = {
			isa = XCBuildConfiguration;
			buildSettings = {
				ALWAYS_EMBED_SWIFT_STANDARD_LIBRARIES = YES;
				CODE_SIGN_STYLE = Automatic;
				INFOPLIST_FILE = CoursePlannerUITests/Info.plist;
				LD_RUNPATH_SEARCH_PATHS = "$(inherited) @executable_path/Frameworks @loader_path/Frameworks";
				PRODUCT_BUNDLE_IDENTIFIER = maximemoison.CoursePlannerUITests;
				PRODUCT_NAME = "$(TARGET_NAME)";
				SWIFT_VERSION = 4.0;
				TARGETED_DEVICE_FAMILY = "1,2";
				TEST_TARGET_NAME = CoursePlanner;
			};
			name = Release;
		};
/* End XCBuildConfiguration section */

/* Begin XCConfigurationList section */
		1B644E0E2050ED9F00CA9264 /* Build configuration list for PBXProject "CoursePlanner" */ = {
			isa = XCConfigurationList;
			buildConfigurations = (
				1B644E2E2050ED9F00CA9264 /* Debug */,
				1B644E2F2050ED9F00CA9264 /* Release */,
			);
			defaultConfigurationIsVisible = 0;
			defaultConfigurationName = Release;
		};
		1B644E302050ED9F00CA9264 /* Build configuration list for PBXNativeTarget "CoursePlanner" */ = {
			isa = XCConfigurationList;
			buildConfigurations = (
				1B644E312050ED9F00CA9264 /* Debug */,
				1B644E322050ED9F00CA9264 /* Release */,
			);
			defaultConfigurationIsVisible = 0;
			defaultConfigurationName = Release;
		};
		1B644E332050ED9F00CA9264 /* Build configuration list for PBXNativeTarget "CoursePlannerUITests" */ = {
			isa = XCConfigurationList;
			buildConfigurations = (
				1B644E342050ED9F00CA9264 /* Debug */,
				1B644E352050ED9F00CA9264 /* Release */,
			);
			defaultConfigurationIsVisible = 0;
			defaultConfigurationName = Release;
		};
/* End XCConfigurationList section */
	};
	rootObject = 1B644E0B2050ED9F00CA9264 /* Project object */;
}
