// !$*UTF8*$!
{
	archiveVersion = 1;
	classes = {
	};
	objectVersion = 48;
	objects = {

/* Begin PBXBuildFile section */
		1B204475205E3E6A00615A4A /* CoverRightAnimation.swift in Sources */ = {isa = PBXBuildFile; fileRef = 1B204474205E3E6A00615A4A /* CoverRightAnimation.swift */; };
		1B209D3F2062EDAC00F701C6 /* HomeTableDatasource.swift in Sources */ = {isa = PBXBuildFile; fileRef = 1B209D3E2062EDAC00F701C6 /* HomeTableDatasource.swift */; };
		1B209D412062EE1000F701C6 /* CoursesTableDataSource.swift in Sources */ = {isa = PBXBuildFile; fileRef = 1B209D402062EE1000F701C6 /* CoursesTableDataSource.swift */; };
		1B209D432062EE9200F701C6 /* CoursesTableDelegate.swift in Sources */ = {isa = PBXBuildFile; fileRef = 1B209D422062EE9200F701C6 /* CoursesTableDelegate.swift */; };
		1B209D452062EED800F701C6 /* CoursesSearchBarDelegate.swift in Sources */ = {isa = PBXBuildFile; fileRef = 1B209D442062EED800F701C6 /* CoursesSearchBarDelegate.swift */; };
		1B209D472062F08B00F701C6 /* HomeTableDelegate.swift in Sources */ = {isa = PBXBuildFile; fileRef = 1B209D462062F08B00F701C6 /* HomeTableDelegate.swift */; };
		1B27C6302075C8E000DBA833 /* QuickCourseCell.swift in Sources */ = {isa = PBXBuildFile; fileRef = 1B27C62E2075C8E000DBA833 /* QuickCourseCell.swift */; };
		1B27C6312075C8E000DBA833 /* QuickCourseCell.xib in Resources */ = {isa = PBXBuildFile; fileRef = 1B27C62F2075C8E000DBA833 /* QuickCourseCell.xib */; };
		1B31BC2920773B590013FC53 /* BackButton.swift in Sources */ = {isa = PBXBuildFile; fileRef = 1B31BC2820773B590013FC53 /* BackButton.swift */; };
		1B31BC2B20773B6A0013FC53 /* RoundedButton.swift in Sources */ = {isa = PBXBuildFile; fileRef = 1B31BC2A20773B6A0013FC53 /* RoundedButton.swift */; };
		1B37625220783902006C20D6 /* CoursePlannerTests.swift in Sources */ = {isa = PBXBuildFile; fileRef = 1B37625120783902006C20D6 /* CoursePlannerTests.swift */; };
		1B37625A20783981006C20D6 /* StringExtension.swift in Sources */ = {isa = PBXBuildFile; fileRef = 1B7C116B2071C00C001328E4 /* StringExtension.swift */; };
		1B37625C20783AD4006C20D6 /* ReadableTermTests.swift in Sources */ = {isa = PBXBuildFile; fileRef = 1B37625B20783AD4006C20D6 /* ReadableTermTests.swift */; };
		1B37625E20783B22006C20D6 /* ReadableRoomTests.swift in Sources */ = {isa = PBXBuildFile; fileRef = 1B37625D20783B22006C20D6 /* ReadableRoomTests.swift */; };
		1B37626020783CAE006C20D6 /* RestAPITests.swift in Sources */ = {isa = PBXBuildFile; fileRef = 1B37625F20783CAE006C20D6 /* RestAPITests.swift */; };
		1B37626120783D17006C20D6 /* RestAPI.swift in Sources */ = {isa = PBXBuildFile; fileRef = 1B644E362050EDAD00CA9264 /* RestAPI.swift */; };
		1B4E1B51205332F30051CFE8 /* URLRequestExtension.swift in Sources */ = {isa = PBXBuildFile; fileRef = 1B4E1B50205332F30051CFE8 /* URLRequestExtension.swift */; };
		1B5C7F612065ABB9009911E0 /* Schedule.swift in Sources */ = {isa = PBXBuildFile; fileRef = 1B5C7F602065ABB9009911E0 /* Schedule.swift */; };
		1B644E172050ED9F00CA9264 /* AppDelegate.swift in Sources */ = {isa = PBXBuildFile; fileRef = 1B644E162050ED9F00CA9264 /* AppDelegate.swift */; };
		1B644E1C2050ED9F00CA9264 /* Main.storyboard in Resources */ = {isa = PBXBuildFile; fileRef = 1B644E1A2050ED9F00CA9264 /* Main.storyboard */; };
		1B644E1E2050ED9F00CA9264 /* Assets.xcassets in Resources */ = {isa = PBXBuildFile; fileRef = 1B644E1D2050ED9F00CA9264 /* Assets.xcassets */; };
		1B644E212050ED9F00CA9264 /* LaunchScreen.storyboard in Resources */ = {isa = PBXBuildFile; fileRef = 1B644E1F2050ED9F00CA9264 /* LaunchScreen.storyboard */; };
		1B644E372050EDAD00CA9264 /* RestAPI.swift in Sources */ = {isa = PBXBuildFile; fileRef = 1B644E362050EDAD00CA9264 /* RestAPI.swift */; };
		1B6A1975205C3C6C000AD3D5 /* APIError.swift in Sources */ = {isa = PBXBuildFile; fileRef = 1B6A1974205C3C6C000AD3D5 /* APIError.swift */; };
		1B76605A2059AC69000929D5 /* LoginVC.swift in Sources */ = {isa = PBXBuildFile; fileRef = 1B7660592059AC69000929D5 /* LoginVC.swift */; };
		1B76605C2059AF99000929D5 /* HomeVC.swift in Sources */ = {isa = PBXBuildFile; fileRef = 1B76605B2059AF99000929D5 /* HomeVC.swift */; };
		1B76605E2059B089000929D5 /* RegisterVC.swift in Sources */ = {isa = PBXBuildFile; fileRef = 1B76605D2059B089000929D5 /* RegisterVC.swift */; };
		1B7C116A2071BC32001328E4 /* WeekCalendar.swift in Sources */ = {isa = PBXBuildFile; fileRef = 1B7C11692071BC32001328E4 /* WeekCalendar.swift */; };
		1B7C116C2071C00C001328E4 /* StringExtension.swift in Sources */ = {isa = PBXBuildFile; fileRef = 1B7C116B2071C00C001328E4 /* StringExtension.swift */; };
		1B7C11762071F833001328E4 /* Event.xib in Resources */ = {isa = PBXBuildFile; fileRef = 1B7C11752071F833001328E4 /* Event.xib */; };
		1B7C11782071F967001328E4 /* Event.swift in Sources */ = {isa = PBXBuildFile; fileRef = 1B7C11772071F967001328E4 /* Event.swift */; };
		1B88D139207569EA00F5B555 /* TermCell.swift in Sources */ = {isa = PBXBuildFile; fileRef = 1B88D137207569EA00F5B555 /* TermCell.swift */; };
		1B88D13A207569EA00F5B555 /* TermCell.xib in Resources */ = {isa = PBXBuildFile; fileRef = 1B88D138207569EA00F5B555 /* TermCell.xib */; };
		1BB2021C205A198A00A96619 /* Animation.swift in Sources */ = {isa = PBXBuildFile; fileRef = 1BB2021B205A198A00A96619 /* Animation.swift */; };
		1BB93B42205C4BB40042B021 /* UIVIewControllerExtension.swift in Sources */ = {isa = PBXBuildFile; fileRef = 1BB93B41205C4BB40042B021 /* UIVIewControllerExtension.swift */; };
		1BB93B46205D8DF20042B021 /* InteractiveTransitioner.swift in Sources */ = {isa = PBXBuildFile; fileRef = 1BB93B45205D8DF20042B021 /* InteractiveTransitioner.swift */; };
		1BBFDB4420742043003FBADE /* SectionsVC.swift in Sources */ = {isa = PBXBuildFile; fileRef = 1BBFDB4320742043003FBADE /* SectionsVC.swift */; };
		1BBFDB4620743CFC003FBADE /* SectionsDataSource.swift in Sources */ = {isa = PBXBuildFile; fileRef = 1BBFDB4520743CFC003FBADE /* SectionsDataSource.swift */; };
		1BBFDB482074514E003FBADE /* SectionsTableDelegate.swift in Sources */ = {isa = PBXBuildFile; fileRef = 1BBFDB472074514E003FBADE /* SectionsTableDelegate.swift */; };
		1BBFDB5420747A57003FBADE /* CourseCell.swift in Sources */ = {isa = PBXBuildFile; fileRef = 1BBFDB5220747A57003FBADE /* CourseCell.swift */; };
		1BBFDB5520747A57003FBADE /* CourseCell.xib in Resources */ = {isa = PBXBuildFile; fileRef = 1BBFDB5320747A57003FBADE /* CourseCell.xib */; };
		1BDEED532059F220001FE6FB /* FadingAnimation.swift in Sources */ = {isa = PBXBuildFile; fileRef = 1BDEED522059F220001FE6FB /* FadingAnimation.swift */; };
		1BDEED552059F36B001FE6FB /* NavigationController.swift in Sources */ = {isa = PBXBuildFile; fileRef = 1BDEED542059F36B001FE6FB /* NavigationController.swift */; };
		1BFE085E205EE51800FEEB1F /* CoursesVC.swift in Sources */ = {isa = PBXBuildFile; fileRef = 1BFE085D205EE51800FEEB1F /* CoursesVC.swift */; };
		1BFE30C02068629B0053C3B3 /* SchedulesVC.swift in Sources */ = {isa = PBXBuildFile; fileRef = 1BFE30BF2068629B0053C3B3 /* SchedulesVC.swift */; };
/* End PBXBuildFile section */

/* Begin PBXContainerItemProxy section */
		1B37625420783902006C20D6 /* PBXContainerItemProxy */ = {
			isa = PBXContainerItemProxy;
			containerPortal = 1B644E0B2050ED9F00CA9264 /* Project object */;
			proxyType = 1;
			remoteGlobalIDString = 1B644E122050ED9F00CA9264;
			remoteInfo = CoursePlanner;
		};
/* End PBXContainerItemProxy section */

/* Begin PBXFileReference section */
		1B204474205E3E6A00615A4A /* CoverRightAnimation.swift */ = {isa = PBXFileReference; lastKnownFileType = sourcecode.swift; path = CoverRightAnimation.swift; sourceTree = "<group>"; };
		1B209D3E2062EDAC00F701C6 /* HomeTableDatasource.swift */ = {isa = PBXFileReference; lastKnownFileType = sourcecode.swift; path = HomeTableDatasource.swift; sourceTree = "<group>"; };
		1B209D402062EE1000F701C6 /* CoursesTableDataSource.swift */ = {isa = PBXFileReference; lastKnownFileType = sourcecode.swift; path = CoursesTableDataSource.swift; sourceTree = "<group>"; };
		1B209D422062EE9200F701C6 /* CoursesTableDelegate.swift */ = {isa = PBXFileReference; lastKnownFileType = sourcecode.swift; path = CoursesTableDelegate.swift; sourceTree = "<group>"; };
		1B209D442062EED800F701C6 /* CoursesSearchBarDelegate.swift */ = {isa = PBXFileReference; lastKnownFileType = sourcecode.swift; path = CoursesSearchBarDelegate.swift; sourceTree = "<group>"; };
		1B209D462062F08B00F701C6 /* HomeTableDelegate.swift */ = {isa = PBXFileReference; lastKnownFileType = sourcecode.swift; path = HomeTableDelegate.swift; sourceTree = "<group>"; };
		1B27C62E2075C8E000DBA833 /* QuickCourseCell.swift */ = {isa = PBXFileReference; lastKnownFileType = sourcecode.swift; path = QuickCourseCell.swift; sourceTree = "<group>"; };
		1B27C62F2075C8E000DBA833 /* QuickCourseCell.xib */ = {isa = PBXFileReference; lastKnownFileType = file.xib; path = QuickCourseCell.xib; sourceTree = "<group>"; };
		1B31BC2820773B590013FC53 /* BackButton.swift */ = {isa = PBXFileReference; lastKnownFileType = sourcecode.swift; path = BackButton.swift; sourceTree = "<group>"; };
		1B31BC2A20773B6A0013FC53 /* RoundedButton.swift */ = {isa = PBXFileReference; lastKnownFileType = sourcecode.swift; path = RoundedButton.swift; sourceTree = "<group>"; };
		1B37624F20783902006C20D6 /* CoursePlannerTests.xctest */ = {isa = PBXFileReference; explicitFileType = wrapper.cfbundle; includeInIndex = 0; path = CoursePlannerTests.xctest; sourceTree = BUILT_PRODUCTS_DIR; };
		1B37625120783902006C20D6 /* CoursePlannerTests.swift */ = {isa = PBXFileReference; lastKnownFileType = sourcecode.swift; path = CoursePlannerTests.swift; sourceTree = "<group>"; };
		1B37625320783902006C20D6 /* Info.plist */ = {isa = PBXFileReference; lastKnownFileType = text.plist.xml; path = Info.plist; sourceTree = "<group>"; };
		1B37625B20783AD4006C20D6 /* ReadableTermTests.swift */ = {isa = PBXFileReference; lastKnownFileType = sourcecode.swift; path = ReadableTermTests.swift; sourceTree = "<group>"; };
		1B37625D20783B22006C20D6 /* ReadableRoomTests.swift */ = {isa = PBXFileReference; lastKnownFileType = sourcecode.swift; path = ReadableRoomTests.swift; sourceTree = "<group>"; };
		1B37625F20783CAE006C20D6 /* RestAPITests.swift */ = {isa = PBXFileReference; lastKnownFileType = sourcecode.swift; path = RestAPITests.swift; sourceTree = "<group>"; };
		1B4E1B50205332F30051CFE8 /* URLRequestExtension.swift */ = {isa = PBXFileReference; lastKnownFileType = sourcecode.swift; path = URLRequestExtension.swift; sourceTree = "<group>"; };
		1B5C7F602065ABB9009911E0 /* Schedule.swift */ = {isa = PBXFileReference; lastKnownFileType = sourcecode.swift; path = Schedule.swift; sourceTree = "<group>"; };
		1B644E132050ED9F00CA9264 /* CoursePlanner.app */ = {isa = PBXFileReference; explicitFileType = wrapper.application; includeInIndex = 0; path = CoursePlanner.app; sourceTree = BUILT_PRODUCTS_DIR; };
		1B644E162050ED9F00CA9264 /* AppDelegate.swift */ = {isa = PBXFileReference; lastKnownFileType = sourcecode.swift; path = AppDelegate.swift; sourceTree = "<group>"; };
		1B644E1B2050ED9F00CA9264 /* Base */ = {isa = PBXFileReference; lastKnownFileType = file.storyboard; name = Base; path = Base.lproj/Main.storyboard; sourceTree = "<group>"; };
		1B644E1D2050ED9F00CA9264 /* Assets.xcassets */ = {isa = PBXFileReference; lastKnownFileType = folder.assetcatalog; path = Assets.xcassets; sourceTree = "<group>"; };
		1B644E202050ED9F00CA9264 /* Base */ = {isa = PBXFileReference; lastKnownFileType = file.storyboard; name = Base; path = Base.lproj/LaunchScreen.storyboard; sourceTree = "<group>"; };
		1B644E222050ED9F00CA9264 /* Info.plist */ = {isa = PBXFileReference; lastKnownFileType = text.plist.xml; path = Info.plist; sourceTree = "<group>"; };
		1B644E362050EDAD00CA9264 /* RestAPI.swift */ = {isa = PBXFileReference; lastKnownFileType = sourcecode.swift; path = RestAPI.swift; sourceTree = "<group>"; };
		1B6A1974205C3C6C000AD3D5 /* APIError.swift */ = {isa = PBXFileReference; lastKnownFileType = sourcecode.swift; path = APIError.swift; sourceTree = "<group>"; };
		1B7660592059AC69000929D5 /* LoginVC.swift */ = {isa = PBXFileReference; lastKnownFileType = sourcecode.swift; path = LoginVC.swift; sourceTree = "<group>"; };
		1B76605B2059AF99000929D5 /* HomeVC.swift */ = {isa = PBXFileReference; lastKnownFileType = sourcecode.swift; path = HomeVC.swift; sourceTree = "<group>"; };
		1B76605D2059B089000929D5 /* RegisterVC.swift */ = {isa = PBXFileReference; lastKnownFileType = sourcecode.swift; path = RegisterVC.swift; sourceTree = "<group>"; };
		1B7C11692071BC32001328E4 /* WeekCalendar.swift */ = {isa = PBXFileReference; lastKnownFileType = sourcecode.swift; path = WeekCalendar.swift; sourceTree = "<group>"; };
		1B7C116B2071C00C001328E4 /* StringExtension.swift */ = {isa = PBXFileReference; lastKnownFileType = sourcecode.swift; path = StringExtension.swift; sourceTree = "<group>"; };
		1B7C11752071F833001328E4 /* Event.xib */ = {isa = PBXFileReference; lastKnownFileType = file.xib; path = Event.xib; sourceTree = "<group>"; };
		1B7C11772071F967001328E4 /* Event.swift */ = {isa = PBXFileReference; lastKnownFileType = sourcecode.swift; path = Event.swift; sourceTree = "<group>"; };
		1B88D137207569EA00F5B555 /* TermCell.swift */ = {isa = PBXFileReference; lastKnownFileType = sourcecode.swift; path = TermCell.swift; sourceTree = "<group>"; };
		1B88D138207569EA00F5B555 /* TermCell.xib */ = {isa = PBXFileReference; lastKnownFileType = file.xib; path = TermCell.xib; sourceTree = "<group>"; };
		1BB2021B205A198A00A96619 /* Animation.swift */ = {isa = PBXFileReference; lastKnownFileType = sourcecode.swift; name = Animation.swift; path = CoursePlanner/Navigation/Animation.swift; sourceTree = SOURCE_ROOT; };
		1BB93B41205C4BB40042B021 /* UIVIewControllerExtension.swift */ = {isa = PBXFileReference; lastKnownFileType = sourcecode.swift; path = UIVIewControllerExtension.swift; sourceTree = "<group>"; };
		1BB93B45205D8DF20042B021 /* InteractiveTransitioner.swift */ = {isa = PBXFileReference; lastKnownFileType = sourcecode.swift; path = InteractiveTransitioner.swift; sourceTree = "<group>"; };
		1BBFDB4320742043003FBADE /* SectionsVC.swift */ = {isa = PBXFileReference; lastKnownFileType = sourcecode.swift; path = SectionsVC.swift; sourceTree = "<group>"; };
		1BBFDB4520743CFC003FBADE /* SectionsDataSource.swift */ = {isa = PBXFileReference; lastKnownFileType = sourcecode.swift; path = SectionsDataSource.swift; sourceTree = "<group>"; };
		1BBFDB472074514E003FBADE /* SectionsTableDelegate.swift */ = {isa = PBXFileReference; lastKnownFileType = sourcecode.swift; path = SectionsTableDelegate.swift; sourceTree = "<group>"; };
		1BBFDB5220747A57003FBADE /* CourseCell.swift */ = {isa = PBXFileReference; lastKnownFileType = sourcecode.swift; path = CourseCell.swift; sourceTree = "<group>"; };
		1BBFDB5320747A57003FBADE /* CourseCell.xib */ = {isa = PBXFileReference; lastKnownFileType = file.xib; path = CourseCell.xib; sourceTree = "<group>"; };
		1BDEED522059F220001FE6FB /* FadingAnimation.swift */ = {isa = PBXFileReference; lastKnownFileType = sourcecode.swift; path = FadingAnimation.swift; sourceTree = "<group>"; };
		1BDEED542059F36B001FE6FB /* NavigationController.swift */ = {isa = PBXFileReference; lastKnownFileType = sourcecode.swift; path = NavigationController.swift; sourceTree = "<group>"; };
		1BFE085D205EE51800FEEB1F /* CoursesVC.swift */ = {isa = PBXFileReference; lastKnownFileType = sourcecode.swift; path = CoursesVC.swift; sourceTree = "<group>"; };
		1BFE30BF2068629B0053C3B3 /* SchedulesVC.swift */ = {isa = PBXFileReference; lastKnownFileType = sourcecode.swift; path = SchedulesVC.swift; sourceTree = "<group>"; };
/* End PBXFileReference section */

/* Begin PBXFrameworksBuildPhase section */
		1B37624C20783902006C20D6 /* Frameworks */ = {
			isa = PBXFrameworksBuildPhase;
			buildActionMask = 2147483647;
			files = (
			);
			runOnlyForDeploymentPostprocessing = 0;
		};
		1B644E102050ED9F00CA9264 /* Frameworks */ = {
			isa = PBXFrameworksBuildPhase;
			buildActionMask = 2147483647;
			files = (
			);
			runOnlyForDeploymentPostprocessing = 0;
		};
/* End PBXFrameworksBuildPhase section */

/* Begin PBXGroup section */
		1B209D3A2062ED7000F701C6 /* Login */ = {
			isa = PBXGroup;
			children = (
				1B7660592059AC69000929D5 /* LoginVC.swift */,
			);
			path = Login;
			sourceTree = "<group>";
		};
		1B209D3B2062ED7700F701C6 /* Register */ = {
			isa = PBXGroup;
			children = (
				1B76605D2059B089000929D5 /* RegisterVC.swift */,
			);
			path = Register;
			sourceTree = "<group>";
		};
		1B209D3C2062ED7C00F701C6 /* Home */ = {
			isa = PBXGroup;
			children = (
				1B76605B2059AF99000929D5 /* HomeVC.swift */,
				1B209D3E2062EDAC00F701C6 /* HomeTableDatasource.swift */,
				1B209D462062F08B00F701C6 /* HomeTableDelegate.swift */,
				1B88D137207569EA00F5B555 /* TermCell.swift */,
				1B88D138207569EA00F5B555 /* TermCell.xib */,
			);
			path = Home;
			sourceTree = "<group>";
		};
		1B209D3D2062ED8100F701C6 /* Courses */ = {
			isa = PBXGroup;
			children = (
				1BFE085D205EE51800FEEB1F /* CoursesVC.swift */,
				1B209D402062EE1000F701C6 /* CoursesTableDataSource.swift */,
				1B209D422062EE9200F701C6 /* CoursesTableDelegate.swift */,
				1B209D442062EED800F701C6 /* CoursesSearchBarDelegate.swift */,
				1B27C62E2075C8E000DBA833 /* QuickCourseCell.swift */,
				1B27C62F2075C8E000DBA833 /* QuickCourseCell.xib */,
				1BBFDB4220742029003FBADE /* Sections */,
			);
			path = Courses;
			sourceTree = "<group>";
		};
		1B31BC2720773B320013FC53 /* Buttons */ = {
			isa = PBXGroup;
			children = (
				1B31BC2820773B590013FC53 /* BackButton.swift */,
				1B31BC2A20773B6A0013FC53 /* RoundedButton.swift */,
			);
			path = Buttons;
			sourceTree = "<group>";
		};
		1B37625020783902006C20D6 /* CoursePlannerTests */ = {
			isa = PBXGroup;
			children = (
				1B37625120783902006C20D6 /* CoursePlannerTests.swift */,
				1B37625B20783AD4006C20D6 /* ReadableTermTests.swift */,
				1B37625D20783B22006C20D6 /* ReadableRoomTests.swift */,
				1B37625F20783CAE006C20D6 /* RestAPITests.swift */,
				1B37625320783902006C20D6 /* Info.plist */,
			);
			path = CoursePlannerTests;
			sourceTree = "<group>";
		};
		1B5C7F5F2065A1D9009911E0 /* Schedules */ = {
			isa = PBXGroup;
			children = (
				1BFE30BF2068629B0053C3B3 /* SchedulesVC.swift */,
				1B7C11692071BC32001328E4 /* WeekCalendar.swift */,
				1B7C11772071F967001328E4 /* Event.swift */,
				1B7C11752071F833001328E4 /* Event.xib */,
			);
			path = Schedules;
			sourceTree = "<group>";
		};
		1B644E0A2050ED9F00CA9264 = {
			isa = PBXGroup;
			children = (
				1B644E152050ED9F00CA9264 /* CoursePlanner */,
				1B37625020783902006C20D6 /* CoursePlannerTests */,
				1B644E142050ED9F00CA9264 /* Products */,
			);
			sourceTree = "<group>";
		};
		1B644E142050ED9F00CA9264 /* Products */ = {
			isa = PBXGroup;
			children = (
				1B644E132050ED9F00CA9264 /* CoursePlanner.app */,
				1B37624F20783902006C20D6 /* CoursePlannerTests.xctest */,
			);
			name = Products;
			sourceTree = "<group>";
		};
		1B644E152050ED9F00CA9264 /* CoursePlanner */ = {
			isa = PBXGroup;
			children = (
				1B644E162050ED9F00CA9264 /* AppDelegate.swift */,
				1B644E1A2050ED9F00CA9264 /* Main.storyboard */,
				1B209D3A2062ED7000F701C6 /* Login */,
				1B209D3B2062ED7700F701C6 /* Register */,
				1B209D3C2062ED7C00F701C6 /* Home */,
				1B209D3D2062ED8100F701C6 /* Courses */,
				1B5C7F5F2065A1D9009911E0 /* Schedules */,
				1B644E362050EDAD00CA9264 /* RestAPI.swift */,
				1BB2021A205A14C600A96619 /* Navigation */,
				1B31BC2720773B320013FC53 /* Buttons */,
				1BAB20A620586B5400C0D079 /* Supporting Files */,
				1B644E222050ED9F00CA9264 /* Info.plist */,
			);
			path = CoursePlanner;
			sourceTree = "<group>";
		};
		1BAB20A620586B5400C0D079 /* Supporting Files */ = {
			isa = PBXGroup;
			children = (
				1B5C7F602065ABB9009911E0 /* Schedule.swift */,
				1B6A1974205C3C6C000AD3D5 /* APIError.swift */,
				1B4E1B50205332F30051CFE8 /* URLRequestExtension.swift */,
				1BB93B41205C4BB40042B021 /* UIVIewControllerExtension.swift */,
				1B7C116B2071C00C001328E4 /* StringExtension.swift */,
				1B644E1D2050ED9F00CA9264 /* Assets.xcassets */,
				1B644E1F2050ED9F00CA9264 /* LaunchScreen.storyboard */,
			);
			path = "Supporting Files";
			sourceTree = "<group>";
		};
		1BB2021A205A14C600A96619 /* Navigation */ = {
			isa = PBXGroup;
			children = (
				1BB2021B205A198A00A96619 /* Animation.swift */,
				1BDEED522059F220001FE6FB /* FadingAnimation.swift */,
				1B204474205E3E6A00615A4A /* CoverRightAnimation.swift */,
				1BDEED542059F36B001FE6FB /* NavigationController.swift */,
				1BB93B45205D8DF20042B021 /* InteractiveTransitioner.swift */,
			);
			path = Navigation;
			sourceTree = "<group>";
		};
		1BBFDB4220742029003FBADE /* Sections */ = {
			isa = PBXGroup;
			children = (
				1BBFDB4320742043003FBADE /* SectionsVC.swift */,
				1BBFDB472074514E003FBADE /* SectionsTableDelegate.swift */,
				1BBFDB4520743CFC003FBADE /* SectionsDataSource.swift */,
				1BBFDB5220747A57003FBADE /* CourseCell.swift */,
				1BBFDB5320747A57003FBADE /* CourseCell.xib */,
			);
			path = Sections;
			sourceTree = "<group>";
		};
/* End PBXGroup section */

/* Begin PBXNativeTarget section */
		1B37624E20783902006C20D6 /* CoursePlannerTests */ = {
			isa = PBXNativeTarget;
			buildConfigurationList = 1B37625620783902006C20D6 /* Build configuration list for PBXNativeTarget "CoursePlannerTests" */;
			buildPhases = (
				1B37624B20783902006C20D6 /* Sources */,
				1B37624C20783902006C20D6 /* Frameworks */,
				1B37624D20783902006C20D6 /* Resources */,
			);
			buildRules = (
			);
			dependencies = (
				1B37625520783902006C20D6 /* PBXTargetDependency */,
			);
			name = CoursePlannerTests;
			productName = CoursePlannerTests;
			productReference = 1B37624F20783902006C20D6 /* CoursePlannerTests.xctest */;
			productType = "com.apple.product-type.bundle.unit-test";
		};
		1B644E122050ED9F00CA9264 /* CoursePlanner */ = {
			isa = PBXNativeTarget;
			buildConfigurationList = 1B644E302050ED9F00CA9264 /* Build configuration list for PBXNativeTarget "CoursePlanner" */;
			buildPhases = (
				1B644E0F2050ED9F00CA9264 /* Sources */,
				1B644E102050ED9F00CA9264 /* Frameworks */,
				1B644E112050ED9F00CA9264 /* Resources */,
			);
			buildRules = (
			);
			dependencies = (
			);
			name = CoursePlanner;
			productName = CoursePlanner;
			productReference = 1B644E132050ED9F00CA9264 /* CoursePlanner.app */;
			productType = "com.apple.product-type.application";
		};
/* End PBXNativeTarget section */

/* Begin PBXProject section */
		1B644E0B2050ED9F00CA9264 /* Project object */ = {
			isa = PBXProject;
			attributes = {
				LastSwiftUpdateCheck = 0930;
				LastUpgradeCheck = 0930;
				ORGANIZATIONNAME = "Maxime Moison";
				TargetAttributes = {
					1B37624E20783902006C20D6 = {
						CreatedOnToolsVersion = 9.3;
						ProvisioningStyle = Automatic;
						TestTargetID = 1B644E122050ED9F00CA9264;
					};
					1B644E122050ED9F00CA9264 = {
						CreatedOnToolsVersion = 9.2;
						ProvisioningStyle = Automatic;
					};
				};
			};
			buildConfigurationList = 1B644E0E2050ED9F00CA9264 /* Build configuration list for PBXProject "CoursePlanner" */;
			compatibilityVersion = "Xcode 8.0";
			developmentRegion = en;
			hasScannedForEncodings = 0;
			knownRegions = (
				en,
				Base,
			);
			mainGroup = 1B644E0A2050ED9F00CA9264;
			productRefGroup = 1B644E142050ED9F00CA9264 /* Products */;
			projectDirPath = "";
			projectRoot = "";
			targets = (
				1B644E122050ED9F00CA9264 /* CoursePlanner */,
				1B37624E20783902006C20D6 /* CoursePlannerTests */,
			);
		};
/* End PBXProject section */

/* Begin PBXResourcesBuildPhase section */
		1B37624D20783902006C20D6 /* Resources */ = {
			isa = PBXResourcesBuildPhase;
			buildActionMask = 2147483647;
			files = (
			);
			runOnlyForDeploymentPostprocessing = 0;
		};
		1B644E112050ED9F00CA9264 /* Resources */ = {
			isa = PBXResourcesBuildPhase;
			buildActionMask = 2147483647;
			files = (
				1B7C11762071F833001328E4 /* Event.xib in Resources */,
				1B644E212050ED9F00CA9264 /* LaunchScreen.storyboard in Resources */,
				1B644E1E2050ED9F00CA9264 /* Assets.xcassets in Resources */,
				1B27C6312075C8E000DBA833 /* QuickCourseCell.xib in Resources */,
				1BBFDB5520747A57003FBADE /* CourseCell.xib in Resources */,
				1B644E1C2050ED9F00CA9264 /* Main.storyboard in Resources */,
				1B88D13A207569EA00F5B555 /* TermCell.xib in Resources */,
			);
			runOnlyForDeploymentPostprocessing = 0;
		};
/* End PBXResourcesBuildPhase section */

/* Begin PBXSourcesBuildPhase section */
		1B37624B20783902006C20D6 /* Sources */ = {
			isa = PBXSourcesBuildPhase;
			buildActionMask = 2147483647;
			files = (
				1B37626120783D17006C20D6 /* RestAPI.swift in Sources */,
				1B37626020783CAE006C20D6 /* RestAPITests.swift in Sources */,
				1B37625A20783981006C20D6 /* StringExtension.swift in Sources */,
				1B37625220783902006C20D6 /* CoursePlannerTests.swift in Sources */,
				1B37625E20783B22006C20D6 /* ReadableRoomTests.swift in Sources */,
				1B37625C20783AD4006C20D6 /* ReadableTermTests.swift in Sources */,
			);
			runOnlyForDeploymentPostprocessing = 0;
		};
		1B644E0F2050ED9F00CA9264 /* Sources */ = {
			isa = PBXSourcesBuildPhase;
			buildActionMask = 2147483647;
			files = (
				1B209D3F2062EDAC00F701C6 /* HomeTableDatasource.swift in Sources */,
				1BBFDB482074514E003FBADE /* SectionsTableDelegate.swift in Sources */,
				1B644E372050EDAD00CA9264 /* RestAPI.swift in Sources */,
				1B88D139207569EA00F5B555 /* TermCell.swift in Sources */,
				1B4E1B51205332F30051CFE8 /* URLRequestExtension.swift in Sources */,
				1BB93B46205D8DF20042B021 /* InteractiveTransitioner.swift in Sources */,
				1B209D432062EE9200F701C6 /* CoursesTableDelegate.swift in Sources */,
				1BDEED532059F220001FE6FB /* FadingAnimation.swift in Sources */,
				1BBFDB4620743CFC003FBADE /* SectionsDataSource.swift in Sources */,
				1B76605A2059AC69000929D5 /* LoginVC.swift in Sources */,
				1B204475205E3E6A00615A4A /* CoverRightAnimation.swift in Sources */,
				1BB93B42205C4BB40042B021 /* UIVIewControllerExtension.swift in Sources */,
				1BFE30C02068629B0053C3B3 /* SchedulesVC.swift in Sources */,
				1B76605C2059AF99000929D5 /* HomeVC.swift in Sources */,
				1B76605E2059B089000929D5 /* RegisterVC.swift in Sources */,
				1B644E172050ED9F00CA9264 /* AppDelegate.swift in Sources */,
				1B7C116A2071BC32001328E4 /* WeekCalendar.swift in Sources */,
				1B5C7F612065ABB9009911E0 /* Schedule.swift in Sources */,
				1BDEED552059F36B001FE6FB /* NavigationController.swift in Sources */,
				1BFE085E205EE51800FEEB1F /* CoursesVC.swift in Sources */,
				1BBFDB4420742043003FBADE /* SectionsVC.swift in Sources */,
				1B209D472062F08B00F701C6 /* HomeTableDelegate.swift in Sources */,
				1B27C6302075C8E000DBA833 /* QuickCourseCell.swift in Sources */,
				1B209D452062EED800F701C6 /* CoursesSearchBarDelegate.swift in Sources */,
				1B31BC2920773B590013FC53 /* BackButton.swift in Sources */,
				1B209D412062EE1000F701C6 /* CoursesTableDataSource.swift in Sources */,
				1B7C116C2071C00C001328E4 /* StringExtension.swift in Sources */,
				1BBFDB5420747A57003FBADE /* CourseCell.swift in Sources */,
				1B31BC2B20773B6A0013FC53 /* RoundedButton.swift in Sources */,
				1BB2021C205A198A00A96619 /* Animation.swift in Sources */,
				1B6A1975205C3C6C000AD3D5 /* APIError.swift in Sources */,
				1B7C11782071F967001328E4 /* Event.swift in Sources */,
			);
			runOnlyForDeploymentPostprocessing = 0;
		};
/* End PBXSourcesBuildPhase section */

/* Begin PBXTargetDependency section */
		1B37625520783902006C20D6 /* PBXTargetDependency */ = {
			isa = PBXTargetDependency;
			target = 1B644E122050ED9F00CA9264 /* CoursePlanner */;
			targetProxy = 1B37625420783902006C20D6 /* PBXContainerItemProxy */;
		};
/* End PBXTargetDependency section */

/* Begin PBXVariantGroup section */
		1B644E1A2050ED9F00CA9264 /* Main.storyboard */ = {
			isa = PBXVariantGroup;
			children = (
				1B644E1B2050ED9F00CA9264 /* Base */,
			);
			name = Main.storyboard;
			sourceTree = "<group>";
		};
		1B644E1F2050ED9F00CA9264 /* LaunchScreen.storyboard */ = {
			isa = PBXVariantGroup;
			children = (
				1B644E202050ED9F00CA9264 /* Base */,
			);
			name = LaunchScreen.storyboard;
			sourceTree = "<group>";
		};
/* End PBXVariantGroup section */

/* Begin XCBuildConfiguration section */
		1B37625720783902006C20D6 /* Debug */ = {
			isa = XCBuildConfiguration;
			buildSettings = {
				BUNDLE_LOADER = "$(TEST_HOST)";
				CLANG_ENABLE_OBJC_WEAK = YES;
				CODE_SIGN_STYLE = Automatic;
				DEVELOPMENT_TEAM = ZE6FXYDW4P;
				INFOPLIST_FILE = CoursePlannerTests/Info.plist;
				IPHONEOS_DEPLOYMENT_TARGET = 11.3;
				LD_RUNPATH_SEARCH_PATHS = "$(inherited) @executable_path/Frameworks @loader_path/Frameworks";
				PRODUCT_BUNDLE_IDENTIFIER = maximemoison.CoursePlannerTests;
				PRODUCT_NAME = "$(TARGET_NAME)";
				SWIFT_VERSION = 4.0;
				TARGETED_DEVICE_FAMILY = "1,2";
				TEST_HOST = "$(BUILT_PRODUCTS_DIR)/CoursePlanner.app/CoursePlanner";
			};
			name = Debug;
		};
		1B37625820783902006C20D6 /* Release */ = {
			isa = XCBuildConfiguration;
			buildSettings = {
				BUNDLE_LOADER = "$(TEST_HOST)";
				CLANG_ENABLE_OBJC_WEAK = YES;
				CODE_SIGN_STYLE = Automatic;
				DEVELOPMENT_TEAM = ZE6FXYDW4P;
				INFOPLIST_FILE = CoursePlannerTests/Info.plist;
				IPHONEOS_DEPLOYMENT_TARGET = 11.3;
				LD_RUNPATH_SEARCH_PATHS = "$(inherited) @executable_path/Frameworks @loader_path/Frameworks";
				PRODUCT_BUNDLE_IDENTIFIER = maximemoison.CoursePlannerTests;
				PRODUCT_NAME = "$(TARGET_NAME)";
				SWIFT_VERSION = 4.0;
				TARGETED_DEVICE_FAMILY = "1,2";
				TEST_HOST = "$(BUILT_PRODUCTS_DIR)/CoursePlanner.app/CoursePlanner";
			};
			name = Release;
		};
		1B644E2E2050ED9F00CA9264 /* Debug */ = {
			isa = XCBuildConfiguration;
			buildSettings = {
				ALWAYS_SEARCH_USER_PATHS = NO;
				CLANG_ANALYZER_NONNULL = YES;
				CLANG_ANALYZER_NUMBER_OBJECT_CONVERSION = YES_AGGRESSIVE;
				CLANG_CXX_LANGUAGE_STANDARD = "gnu++14";
				CLANG_CXX_LIBRARY = "libc++";
				CLANG_ENABLE_MODULES = YES;
				CLANG_ENABLE_OBJC_ARC = YES;
				CLANG_WARN_BLOCK_CAPTURE_AUTORELEASING = YES;
				CLANG_WARN_BOOL_CONVERSION = YES;
				CLANG_WARN_COMMA = YES;
				CLANG_WARN_CONSTANT_CONVERSION = YES;
				CLANG_WARN_DEPRECATED_OBJC_IMPLEMENTATIONS = YES;
				CLANG_WARN_DIRECT_OBJC_ISA_USAGE = YES_ERROR;
				CLANG_WARN_DOCUMENTATION_COMMENTS = YES;
				CLANG_WARN_EMPTY_BODY = YES;
				CLANG_WARN_ENUM_CONVERSION = YES;
				CLANG_WARN_INFINITE_RECURSION = YES;
				CLANG_WARN_INT_CONVERSION = YES;
				CLANG_WARN_NON_LITERAL_NULL_CONVERSION = YES;
				CLANG_WARN_OBJC_IMPLICIT_RETAIN_SELF = YES;
				CLANG_WARN_OBJC_LITERAL_CONVERSION = YES;
				CLANG_WARN_OBJC_ROOT_CLASS = YES_ERROR;
				CLANG_WARN_RANGE_LOOP_ANALYSIS = YES;
				CLANG_WARN_STRICT_PROTOTYPES = YES;
				CLANG_WARN_SUSPICIOUS_MOVE = YES;
				CLANG_WARN_UNGUARDED_AVAILABILITY = YES_AGGRESSIVE;
				CLANG_WARN_UNREACHABLE_CODE = YES;
				CLANG_WARN__DUPLICATE_METHOD_MATCH = YES;
				CODE_SIGN_IDENTITY = "iPhone Developer";
				COPY_PHASE_STRIP = NO;
				DEBUG_INFORMATION_FORMAT = dwarf;
				ENABLE_STRICT_OBJC_MSGSEND = YES;
				ENABLE_TESTABILITY = YES;
				GCC_C_LANGUAGE_STANDARD = gnu11;
				GCC_DYNAMIC_NO_PIC = NO;
				GCC_NO_COMMON_BLOCKS = YES;
				GCC_OPTIMIZATION_LEVEL = 0;
				GCC_PREPROCESSOR_DEFINITIONS = (
					"DEBUG=1",
					"$(inherited)",
				);
				GCC_WARN_64_TO_32_BIT_CONVERSION = YES;
				GCC_WARN_ABOUT_RETURN_TYPE = YES_ERROR;
				GCC_WARN_UNDECLARED_SELECTOR = YES;
				GCC_WARN_UNINITIALIZED_AUTOS = YES_AGGRESSIVE;
				GCC_WARN_UNUSED_FUNCTION = YES;
				GCC_WARN_UNUSED_VARIABLE = YES;
				IPHONEOS_DEPLOYMENT_TARGET = 11.2;
				MTL_ENABLE_DEBUG_INFO = YES;
				ONLY_ACTIVE_ARCH = YES;
				SDKROOT = iphoneos;
				SWIFT_ACTIVE_COMPILATION_CONDITIONS = DEBUG;
				SWIFT_OPTIMIZATION_LEVEL = "-Onone";
			};
			name = Debug;
		};
		1B644E2F2050ED9F00CA9264 /* Release */ = {
			isa = XCBuildConfiguration;
			buildSettings = {
				ALWAYS_SEARCH_USER_PATHS = NO;
				CLANG_ANALYZER_NONNULL = YES;
				CLANG_ANALYZER_NUMBER_OBJECT_CONVERSION = YES_AGGRESSIVE;
				CLANG_CXX_LANGUAGE_STANDARD = "gnu++14";
				CLANG_CXX_LIBRARY = "libc++";
				CLANG_ENABLE_MODULES = YES;
				CLANG_ENABLE_OBJC_ARC = YES;
				CLANG_WARN_BLOCK_CAPTURE_AUTORELEASING = YES;
				CLANG_WARN_BOOL_CONVERSION = YES;
				CLANG_WARN_COMMA = YES;
				CLANG_WARN_CONSTANT_CONVERSION = YES;
				CLANG_WARN_DEPRECATED_OBJC_IMPLEMENTATIONS = YES;
				CLANG_WARN_DIRECT_OBJC_ISA_USAGE = YES_ERROR;
				CLANG_WARN_DOCUMENTATION_COMMENTS = YES;
				CLANG_WARN_EMPTY_BODY = YES;
				CLANG_WARN_ENUM_CONVERSION = YES;
				CLANG_WARN_INFINITE_RECURSION = YES;
				CLANG_WARN_INT_CONVERSION = YES;
				CLANG_WARN_NON_LITERAL_NULL_CONVERSION = YES;
				CLANG_WARN_OBJC_IMPLICIT_RETAIN_SELF = YES;
				CLANG_WARN_OBJC_LITERAL_CONVERSION = YES;
				CLANG_WARN_OBJC_ROOT_CLASS = YES_ERROR;
				CLANG_WARN_RANGE_LOOP_ANALYSIS = YES;
				CLANG_WARN_STRICT_PROTOTYPES = YES;
				CLANG_WARN_SUSPICIOUS_MOVE = YES;
				CLANG_WARN_UNGUARDED_AVAILABILITY = YES_AGGRESSIVE;
				CLANG_WARN_UNREACHABLE_CODE = YES;
				CLANG_WARN__DUPLICATE_METHOD_MATCH = YES;
				CODE_SIGN_IDENTITY = "iPhone Developer";
				COPY_PHASE_STRIP = NO;
				DEBUG_INFORMATION_FORMAT = "dwarf-with-dsym";
				ENABLE_NS_ASSERTIONS = NO;
				ENABLE_STRICT_OBJC_MSGSEND = YES;
				GCC_C_LANGUAGE_STANDARD = gnu11;
				GCC_NO_COMMON_BLOCKS = YES;
				GCC_WARN_64_TO_32_BIT_CONVERSION = YES;
				GCC_WARN_ABOUT_RETURN_TYPE = YES_ERROR;
				GCC_WARN_UNDECLARED_SELECTOR = YES;
				GCC_WARN_UNINITIALIZED_AUTOS = YES_AGGRESSIVE;
				GCC_WARN_UNUSED_FUNCTION = YES;
				GCC_WARN_UNUSED_VARIABLE = YES;
				IPHONEOS_DEPLOYMENT_TARGET = 11.2;
				MTL_ENABLE_DEBUG_INFO = NO;
				SDKROOT = iphoneos;
				SWIFT_OPTIMIZATION_LEVEL = "-Owholemodule";
				VALIDATE_PRODUCT = YES;
			};
			name = Release;
		};
		1B644E312050ED9F00CA9264 /* Debug */ = {
			isa = XCBuildConfiguration;
			buildSettings = {
				ASSETCATALOG_COMPILER_APPICON_NAME = AppIcon;
				CODE_SIGN_STYLE = Automatic;
				DEVELOPMENT_TEAM = TZ3XHXCR9A;
				INFOPLIST_FILE = CoursePlanner/Info.plist;
				LD_RUNPATH_SEARCH_PATHS = "$(inherited) @executable_path/Frameworks";
				PRODUCT_BUNDLE_IDENTIFIER = maximemoison.CoursePlanner;
				PRODUCT_NAME = "$(TARGET_NAME)";
				SWIFT_VERSION = 4.0;
				TARGETED_DEVICE_FAMILY = "1,2";
			};
			name = Debug;
		};
		1B644E322050ED9F00CA9264 /* Release */ = {
			isa = XCBuildConfiguration;
			buildSettings = {
				ASSETCATALOG_COMPILER_APPICON_NAME = AppIcon;
				CODE_SIGN_STYLE = Automatic;
				DEVELOPMENT_TEAM = TZ3XHXCR9A;
				INFOPLIST_FILE = CoursePlanner/Info.plist;
				LD_RUNPATH_SEARCH_PATHS = "$(inherited) @executable_path/Frameworks";
				PRODUCT_BUNDLE_IDENTIFIER = maximemoison.CoursePlanner;
				PRODUCT_NAME = "$(TARGET_NAME)";
				SWIFT_VERSION = 4.0;
				TARGETED_DEVICE_FAMILY = "1,2";
			};
			name = Release;
		};
/* End XCBuildConfiguration section */

/* Begin XCConfigurationList section */
		1B37625620783902006C20D6 /* Build configuration list for PBXNativeTarget "CoursePlannerTests" */ = {
			isa = XCConfigurationList;
			buildConfigurations = (
				1B37625720783902006C20D6 /* Debug */,
				1B37625820783902006C20D6 /* Release */,
			);
			defaultConfigurationIsVisible = 0;
			defaultConfigurationName = Release;
		};
		1B644E0E2050ED9F00CA9264 /* Build configuration list for PBXProject "CoursePlanner" */ = {
			isa = XCConfigurationList;
			buildConfigurations = (
				1B644E2E2050ED9F00CA9264 /* Debug */,
				1B644E2F2050ED9F00CA9264 /* Release */,
			);
			defaultConfigurationIsVisible = 0;
			defaultConfigurationName = Release;
		};
		1B644E302050ED9F00CA9264 /* Build configuration list for PBXNativeTarget "CoursePlanner" */ = {
			isa = XCConfigurationList;
			buildConfigurations = (
				1B644E312050ED9F00CA9264 /* Debug */,
				1B644E322050ED9F00CA9264 /* Release */,
			);
			defaultConfigurationIsVisible = 0;
			defaultConfigurationName = Release;
		};
/* End XCConfigurationList section */
	};
	rootObject = 1B644E0B2050ED9F00CA9264 /* Project object */;
}
